{
  "name": "new-package",
  "version": "1.0.0",
  "lockfileVersion": 3,
  "requires": true,
  "packages": {
    "": {
      "name": "new-package",
      "version": "1.0.0",
      "license": "ISC",
      "dependencies": {
        "greet-codvolution": "^1.0.0"
      }
    },
    "node_modules/greet-codvolution": {
      "version": "1.0.0",
      "resolved": "https://registry.npmjs.org/greet-codvolution/-/greet-codvolution-1.0.0.tgz",
      "integrity": "sha512-+Gi33TVB+/Ar7h9t5r7rKk/ejP0AoBL1NSJeiEMaWddQNdH3aj2zwSWxTqXPgXpXoZ6ZExVDCr9Ew/Q5d+MJFw==",
      "dependencies": {
        "upper-case": "^2.0.2"
      }
    },
    "node_modules/tslib": {
      "version": "2.5.0",
      "resolved": "https://registry.npmjs.org/tslib/-/tslib-2.5.0.tgz",
      "integrity": "sha512-336iVw3rtn2BUK7ORdIAHTyxHGRIHVReokCR3XjbckJMK7ms8FysBfhLR8IXnAgy7T0PTPNBWKiH514FOW/WSg=="
    },
    "node_modules/upper-case": {
      "version": "2.0.2",
      "resolved": "https://registry.npmjs.org/upper-case/-/upper-case-2.0.2.tgz",
      "integrity": "sha512-KgdgDGJt2TpuwBUIjgG6lzw2GWFRCW9Qkfkiv0DxqHHLYJHmtmdUIKcZd8rHgFSjopVTlw6ggzCm1b8MFQwikg==",
      "dependencies": {
        "tslib": "^2.0.3"
      }
    }
  }
}
